
Microsoft Visual Studio Solution File, Format Version 12.00
# Visual Studio Version 17
VisualStudioVersion = 17.8.34309.116
MinimumVisualStudioVersion = 10.0.40219.1
Project("{FAE04EC0-301F-11D3-BF4B-00C04F79EFBC}") = "WpfMaps", "WpfMaps\WpfMaps.csproj", "{A6A7E862-8FEF-48FC-88CC-35A3D1654F83}"
EndProject
Global
	GlobalSection(SolutionConfigurationPlatforms) = preSolution
		Debug|Any CPU = Debug|Any CPU
		Release|Any CPU = Release|Any CPU
	EndGlobalSection
	GlobalSection(ProjectConfigurationPlatforms) = postSolution
		{A6A7E862-8FEF-48FC-88CC-35A3D1654F83}.Debug|Any CPU.ActiveCfg = Debug|Any CPU
		{A6A7E862-8FEF-48FC-88CC-35A3D1654F83}.Debug|Any CPU.Build.0 = Debug|Any CPU
		{A6A7E862-8FEF-48FC-88CC-35A3D1654F83}.Release|Any CPU.ActiveCfg = Release|Any CPU
		{A6A7E862-8FEF-48FC-88CC-35A3D1654F83}.Release|Any CPU.Build.0 = Release|Any CPU
	EndGlobalSection
	GlobalSection(SolutionProperties) = preSolution
		HideSolutionNode = FALSE
	EndGlobalSection
	GlobalSection(ExtensibilityGlobals) = postSolution
		SolutionGuid = {4B209CAB-D1EF-49A7-AD9B-37E630232E7E}
	EndGlobalSection
EndGlobal
